
Microsoft Visual Studio Solution File, Format Version 12.00
# Visual Studio Version 17
VisualStudioVersion = 17.0.32112.339
MinimumVisualStudioVersion = 10.0.40219.1
Project("{FAE04EC0-301F-11D3-BF4B-00C04F79EFBC}") = "AracKiralama2", "AracKiralama2\AracKiralama2.csproj", "{F044B9F8-3557-478D-B099-EA362E6969B8}"
EndProject
Global
	GlobalSection(SolutionConfigurationPlatforms) = preSolution
		Debug|Any CPU = Debug|Any CPU
		Release|Any CPU = Release|Any CPU
	EndGlobalSection
	GlobalSection(ProjectConfigurationPlatforms) = postSolution
		{F044B9F8-3557-478D-B099-EA362E6969B8}.Debug|Any CPU.ActiveCfg = Debug|Any CPU
		{F044B9F8-3557-478D-B099-EA362E6969B8}.Debug|Any CPU.Build.0 = Debug|Any CPU
		{F044B9F8-3557-478D-B099-EA362E6969B8}.Release|Any CPU.ActiveCfg = Release|Any CPU
		{F044B9F8-3557-478D-B099-EA362E6969B8}.Release|Any CPU.Build.0 = Release|Any CPU
	EndGlobalSection
	GlobalSection(SolutionProperties) = preSolution
		HideSolutionNode = FALSE
	EndGlobalSection
	GlobalSection(ExtensibilityGlobals) = postSolution
		SolutionGuid = {10C4EA5E-82E5-4EA2-83BD-F01861E7836E}
	EndGlobalSection
EndGlobal
